// !$*UTF8*$!
{
	archiveVersion = 1;
	classes = {
	};
	objectVersion = 48;
	objects = {

/* Begin PBXBuildFile section */
		AE6EB3B1FDB304F498B682BF /* Pods_cryptonews.framework in Frameworks */ = {isa = PBXBuildFile; fileRef = 58B6F96E1B6651B2A7038D89 /* Pods_cryptonews.framework */; };
		F303D8D720383EB500CC0C8F /* WebViewController.swift in Sources */ = {isa = PBXBuildFile; fileRef = F303D8D620383EB500CC0C8F /* WebViewController.swift */; };
		F30B88032032D4060043A641 /* AppDelegate.swift in Sources */ = {isa = PBXBuildFile; fileRef = F30B88022032D4060043A641 /* AppDelegate.swift */; };
		F30B88052032D4060043A641 /* MainViewController.swift in Sources */ = {isa = PBXBuildFile; fileRef = F30B88042032D4060043A641 /* MainViewController.swift */; };
		F30B88082032D4060043A641 /* Main.storyboard in Resources */ = {isa = PBXBuildFile; fileRef = F30B88062032D4060043A641 /* Main.storyboard */; };
		F30B880A2032D4060043A641 /* Assets.xcassets in Resources */ = {isa = PBXBuildFile; fileRef = F30B88092032D4060043A641 /* Assets.xcassets */; };
		F30B880D2032D4060043A641 /* LaunchScreen.storyboard in Resources */ = {isa = PBXBuildFile; fileRef = F30B880B2032D4060043A641 /* LaunchScreen.storyboard */; };
		F338E5502032DA6300BE4A31 /* APIEngine.swift in Sources */ = {isa = PBXBuildFile; fileRef = F338E54F2032DA6300BE4A31 /* APIEngine.swift */; };
		F338E5542032DC4100BE4A31 /* News.swift in Sources */ = {isa = PBXBuildFile; fileRef = F338E5532032DC4100BE4A31 /* News.swift */; };
		F338E5572032E5A600BE4A31 /* Extensions.swift in Sources */ = {isa = PBXBuildFile; fileRef = F338E5562032E5A600BE4A31 /* Extensions.swift */; };
		F35AF9AB20380641002995F7 /* NewsDetailViewController.swift in Sources */ = {isa = PBXBuildFile; fileRef = F35AF9AA20380641002995F7 /* NewsDetailViewController.swift */; };
		F3C5CA4920396E3C00842CF3 /* BookmarksViewController.swift in Sources */ = {isa = PBXBuildFile; fileRef = F3C5CA4820396E3C00842CF3 /* BookmarksViewController.swift */; };
/* End PBXBuildFile section */

/* Begin PBXFileReference section */
		58B6F96E1B6651B2A7038D89 /* Pods_cryptonews.framework */ = {isa = PBXFileReference; explicitFileType = wrapper.framework; includeInIndex = 0; path = Pods_cryptonews.framework; sourceTree = BUILT_PRODUCTS_DIR; };
		9273D9E5BEC2F71484AF6F29 /* Pods-cryptonews.debug.xcconfig */ = {isa = PBXFileReference; includeInIndex = 1; lastKnownFileType = text.xcconfig; name = "Pods-cryptonews.debug.xcconfig"; path = "Pods/Target Support Files/Pods-cryptonews/Pods-cryptonews.debug.xcconfig"; sourceTree = "<group>"; };
		DE89A9FFBC4D2E0800FF6F99 /* Pods-cryptonews.release.xcconfig */ = {isa = PBXFileReference; includeInIndex = 1; lastKnownFileType = text.xcconfig; name = "Pods-cryptonews.release.xcconfig"; path = "Pods/Target Support Files/Pods-cryptonews/Pods-cryptonews.release.xcconfig"; sourceTree = "<group>"; };
		F303D8D620383EB500CC0C8F /* WebViewController.swift */ = {isa = PBXFileReference; lastKnownFileType = sourcecode.swift; path = WebViewController.swift; sourceTree = "<group>"; };
		F30B87FF2032D4060043A641 /* cryptonews.app */ = {isa = PBXFileReference; explicitFileType = wrapper.application; includeInIndex = 0; path = cryptonews.app; sourceTree = BUILT_PRODUCTS_DIR; };
		F30B88022032D4060043A641 /* AppDelegate.swift */ = {isa = PBXFileReference; lastKnownFileType = sourcecode.swift; path = AppDelegate.swift; sourceTree = "<group>"; };
		F30B88042032D4060043A641 /* MainViewController.swift */ = {isa = PBXFileReference; lastKnownFileType = sourcecode.swift; path = MainViewController.swift; sourceTree = "<group>"; };
		F30B88072032D4060043A641 /* Base */ = {isa = PBXFileReference; lastKnownFileType = file.storyboard; name = Base; path = Base.lproj/Main.storyboard; sourceTree = "<group>"; };
		F30B88092032D4060043A641 /* Assets.xcassets */ = {isa = PBXFileReference; lastKnownFileType = folder.assetcatalog; path = Assets.xcassets; sourceTree = "<group>"; };
		F30B880C2032D4060043A641 /* Base */ = {isa = PBXFileReference; lastKnownFileType = file.storyboard; name = Base; path = Base.lproj/LaunchScreen.storyboard; sourceTree = "<group>"; };
		F30B880E2032D4060043A641 /* Info.plist */ = {isa = PBXFileReference; lastKnownFileType = text.plist.xml; path = Info.plist; sourceTree = "<group>"; };
		F338E54F2032DA6300BE4A31 /* APIEngine.swift */ = {isa = PBXFileReference; lastKnownFileType = sourcecode.swift; path = APIEngine.swift; sourceTree = "<group>"; };
		F338E5532032DC4100BE4A31 /* News.swift */ = {isa = PBXFileReference; lastKnownFileType = sourcecode.swift; path = News.swift; sourceTree = "<group>"; };
		F338E5562032E5A600BE4A31 /* Extensions.swift */ = {isa = PBXFileReference; lastKnownFileType = sourcecode.swift; path = Extensions.swift; sourceTree = "<group>"; };
		F35AF9AA20380641002995F7 /* NewsDetailViewController.swift */ = {isa = PBXFileReference; lastKnownFileType = sourcecode.swift; path = NewsDetailViewController.swift; sourceTree = "<group>"; };
		F3C5CA4820396E3C00842CF3 /* BookmarksViewController.swift */ = {isa = PBXFileReference; lastKnownFileType = sourcecode.swift; path = BookmarksViewController.swift; sourceTree = "<group>"; };
/* End PBXFileReference section */

/* Begin PBXFrameworksBuildPhase section */
		F30B87FC2032D4060043A641 /* Frameworks */ = {
			isa = PBXFrameworksBuildPhase;
			buildActionMask = 2147483647;
			files = (
				AE6EB3B1FDB304F498B682BF /* Pods_cryptonews.framework in Frameworks */,
			);
			runOnlyForDeploymentPostprocessing = 0;
		};
/* End PBXFrameworksBuildPhase section */

/* Begin PBXGroup section */
		7575A9949527FA92E7225F75 /* Pods */ = {
			isa = PBXGroup;
			children = (
				9273D9E5BEC2F71484AF6F29 /* Pods-cryptonews.debug.xcconfig */,
				DE89A9FFBC4D2E0800FF6F99 /* Pods-cryptonews.release.xcconfig */,
			);
			name = Pods;
			sourceTree = "<group>";
		};
		A281CFFEECF72EBC6222597A /* Frameworks */ = {
			isa = PBXGroup;
			children = (
				58B6F96E1B6651B2A7038D89 /* Pods_cryptonews.framework */,
			);
			name = Frameworks;
			sourceTree = "<group>";
		};
		F30B87F62032D4060043A641 = {
			isa = PBXGroup;
			children = (
				F30B88012032D4060043A641 /* cryptonews */,
				F30B88002032D4060043A641 /* Products */,
				7575A9949527FA92E7225F75 /* Pods */,
				A281CFFEECF72EBC6222597A /* Frameworks */,
			);
			sourceTree = "<group>";
		};
		F30B88002032D4060043A641 /* Products */ = {
			isa = PBXGroup;
			children = (
				F30B87FF2032D4060043A641 /* cryptonews.app */,
			);
			name = Products;
			sourceTree = "<group>";
		};
		F30B88012032D4060043A641 /* cryptonews */ = {
			isa = PBXGroup;
			children = (
				F3C5CA4720396DB000842CF3 /* ViewControllers */,
				F338E5552032E59800BE4A31 /* Helpers */,
				F338E5522032DC3100BE4A31 /* API */,
				F338E5512032DC1400BE4A31 /* Models */,
				F30B88022032D4060043A641 /* AppDelegate.swift */,
				F30B88062032D4060043A641 /* Main.storyboard */,
				F30B88092032D4060043A641 /* Assets.xcassets */,
				F30B880B2032D4060043A641 /* LaunchScreen.storyboard */,
				F30B880E2032D4060043A641 /* Info.plist */,
			);
			path = cryptonews;
			sourceTree = "<group>";
		};
		F338E5512032DC1400BE4A31 /* Models */ = {
			isa = PBXGroup;
			children = (
				F338E5532032DC4100BE4A31 /* News.swift */,
			);
			path = Models;
			sourceTree = "<group>";
		};
		F338E5522032DC3100BE4A31 /* API */ = {
			isa = PBXGroup;
			children = (
				F338E54F2032DA6300BE4A31 /* APIEngine.swift */,
			);
			path = API;
			sourceTree = "<group>";
		};
		F338E5552032E59800BE4A31 /* Helpers */ = {
			isa = PBXGroup;
			children = (
				F338E5562032E5A600BE4A31 /* Extensions.swift */,
			);
			path = Helpers;
			sourceTree = "<group>";
		};
		F3C5CA4720396DB000842CF3 /* ViewControllers */ = {
			isa = PBXGroup;
			children = (
				F30B88042032D4060043A641 /* MainViewController.swift */,
				F35AF9AA20380641002995F7 /* NewsDetailViewController.swift */,
				F303D8D620383EB500CC0C8F /* WebViewController.swift */,
				F3C5CA4820396E3C00842CF3 /* BookmarksViewController.swift */,
			);
			path = ViewControllers;
			sourceTree = "<group>";
		};
/* End PBXGroup section */

/* Begin PBXNativeTarget section */
		F30B87FE2032D4060043A641 /* cryptonews */ = {
			isa = PBXNativeTarget;
			buildConfigurationList = F30B88112032D4060043A641 /* Build configuration list for PBXNativeTarget "cryptonews" */;
			buildPhases = (
				19D5E566B6C7DF007C6BCE20 /* [CP] Check Pods Manifest.lock */,
				F30B87FB2032D4060043A641 /* Sources */,
				F30B87FC2032D4060043A641 /* Frameworks */,
				F30B87FD2032D4060043A641 /* Resources */,
				12197A81370E2F79C9204348 /* [CP] Embed Pods Frameworks */,
				368CEE1B58532AB0D7BC30B9 /* [CP] Copy Pods Resources */,
			);
			buildRules = (
			);
			dependencies = (
			);
			name = cryptonews;
			productName = cryptonews;
			productReference = F30B87FF2032D4060043A641 /* cryptonews.app */;
			productType = "com.apple.product-type.application";
		};
/* End PBXNativeTarget section */

/* Begin PBXProject section */
		F30B87F72032D4060043A641 /* Project object */ = {
			isa = PBXProject;
			attributes = {
				LastSwiftUpdateCheck = 0920;
				LastUpgradeCheck = 0920;
				ORGANIZATIONNAME = "Alejandro Reyes";
				TargetAttributes = {
					F30B87FE2032D4060043A641 = {
						CreatedOnToolsVersion = 9.2;
						ProvisioningStyle = Automatic;
					};
				};
			};
			buildConfigurationList = F30B87FA2032D4060043A641 /* Build configuration list for PBXProject "cryptonews" */;
			compatibilityVersion = "Xcode 8.0";
			developmentRegion = en;
			hasScannedForEncodings = 0;
			knownRegions = (
				en,
				Base,
			);
			mainGroup = F30B87F62032D4060043A641;
			productRefGroup = F30B88002032D4060043A641 /* Products */;
			projectDirPath = "";
			projectRoot = "";
			targets = (
				F30B87FE2032D4060043A641 /* cryptonews */,
			);
		};
/* End PBXProject section */

/* Begin PBXResourcesBuildPhase section */
		F30B87FD2032D4060043A641 /* Resources */ = {
			isa = PBXResourcesBuildPhase;
			buildActionMask = 2147483647;
			files = (
				F30B880D2032D4060043A641 /* LaunchScreen.storyboard in Resources */,
				F30B880A2032D4060043A641 /* Assets.xcassets in Resources */,
				F30B88082032D4060043A641 /* Main.storyboard in Resources */,
			);
			runOnlyForDeploymentPostprocessing = 0;
		};
/* End PBXResourcesBuildPhase section */

/* Begin PBXShellScriptBuildPhase section */
		12197A81370E2F79C9204348 /* [CP] Embed Pods Frameworks */ = {
			isa = PBXShellScriptBuildPhase;
			buildActionMask = 2147483647;
			files = (
			);
			inputPaths = (
			);
			name = "[CP] Embed Pods Frameworks";
			outputPaths = (
			);
			runOnlyForDeploymentPostprocessing = 0;
			shellPath = /bin/sh;
			shellScript = "\"${SRCROOT}/Pods/Target Support Files/Pods-cryptonews/Pods-cryptonews-frameworks.sh\"\n";
			showEnvVarsInLog = 0;
		};
		19D5E566B6C7DF007C6BCE20 /* [CP] Check Pods Manifest.lock */ = {
			isa = PBXShellScriptBuildPhase;
			buildActionMask = 2147483647;
			files = (
			);
			inputPaths = (
			);
			name = "[CP] Check Pods Manifest.lock";
			outputPaths = (
			);
			runOnlyForDeploymentPostprocessing = 0;
			shellPath = /bin/sh;
			shellScript = "diff \"${PODS_PODFILE_DIR_PATH}/Podfile.lock\" \"${PODS_ROOT}/Manifest.lock\" > /dev/null\nif [ $? != 0 ] ; then\n    # print error to STDERR\n    echo \"error: The sandbox is not in sync with the Podfile.lock. Run 'pod install' or update your CocoaPods installation.\" >&2\n    exit 1\nfi\n";
			showEnvVarsInLog = 0;
		};
		368CEE1B58532AB0D7BC30B9 /* [CP] Copy Pods Resources */ = {
			isa = PBXShellScriptBuildPhase;
			buildActionMask = 2147483647;
			files = (
			);
			inputPaths = (
			);
			name = "[CP] Copy Pods Resources";
			outputPaths = (
			);
			runOnlyForDeploymentPostprocessing = 0;
			shellPath = /bin/sh;
			shellScript = "\"${SRCROOT}/Pods/Target Support Files/Pods-cryptonews/Pods-cryptonews-resources.sh\"\n";
			showEnvVarsInLog = 0;
		};
/* End PBXShellScriptBuildPhase section */

/* Begin PBXSourcesBuildPhase section */
		F30B87FB2032D4060043A641 /* Sources */ = {
			isa = PBXSourcesBuildPhase;
			buildActionMask = 2147483647;
			files = (
				F3C5CA4920396E3C00842CF3 /* BookmarksViewController.swift in Sources */,
				F35AF9AB20380641002995F7 /* NewsDetailViewController.swift in Sources */,
				F338E5572032E5A600BE4A31 /* Extensions.swift in Sources */,
				F30B88052032D4060043A641 /* MainViewController.swift in Sources */,
				F338E5502032DA6300BE4A31 /* APIEngine.swift in Sources */,
				F303D8D720383EB500CC0C8F /* WebViewController.swift in Sources */,
				F338E5542032DC4100BE4A31 /* News.swift in Sources */,
				F30B88032032D4060043A641 /* AppDelegate.swift in Sources */,
			);
			runOnlyForDeploymentPostprocessing = 0;
		};
/* End PBXSourcesBuildPhase section */

/* Begin PBXVariantGroup section */
		F30B88062032D4060043A641 /* Main.storyboard */ = {
			isa = PBXVariantGroup;
			children = (
				F30B88072032D4060043A641 /* Base */,
			);
			name = Main.storyboard;
			sourceTree = "<group>";
		};
		F30B880B2032D4060043A641 /* LaunchScreen.storyboard */ = {
			isa = PBXVariantGroup;
			children = (
				F30B880C2032D4060043A641 /* Base */,
			);
			name = LaunchScreen.storyboard;
			sourceTree = "<group>";
		};
/* End PBXVariantGroup section */

/* Begin XCBuildConfiguration section */
		F30B880F2032D4060043A641 /* Debug */ = {
			isa = XCBuildConfiguration;
			buildSettings = {
				ALWAYS_SEARCH_USER_PATHS = NO;
				CLANG_ANALYZER_NONNULL = YES;
				CLANG_ANALYZER_NUMBER_OBJECT_CONVERSION = YES_AGGRESSIVE;
				CLANG_CXX_LANGUAGE_STANDARD = "gnu++14";
				CLANG_CXX_LIBRARY = "libc++";
				CLANG_ENABLE_MODULES = YES;
				CLANG_ENABLE_OBJC_ARC = YES;
				CLANG_WARN_BLOCK_CAPTURE_AUTORELEASING = YES;
				CLANG_WARN_BOOL_CONVERSION = YES;
				CLANG_WARN_COMMA = YES;
				CLANG_WARN_CONSTANT_CONVERSION = YES;
				CLANG_WARN_DIRECT_OBJC_ISA_USAGE = YES_ERROR;
				CLANG_WARN_DOCUMENTATION_COMMENTS = YES;
				CLANG_WARN_EMPTY_BODY = YES;
				CLANG_WARN_ENUM_CONVERSION = YES;
				CLANG_WARN_INFINITE_RECURSION = YES;
				CLANG_WARN_INT_CONVERSION = YES;
				CLANG_WARN_NON_LITERAL_NULL_CONVERSION = YES;
				CLANG_WARN_OBJC_LITERAL_CONVERSION = YES;
				CLANG_WARN_OBJC_ROOT_CLASS = YES_ERROR;
				CLANG_WARN_RANGE_LOOP_ANALYSIS = YES;
				CLANG_WARN_STRICT_PROTOTYPES = YES;
				CLANG_WARN_SUSPICIOUS_MOVE = YES;
				CLANG_WARN_UNGUARDED_AVAILABILITY = YES_AGGRESSIVE;
				CLANG_WARN_UNREACHABLE_CODE = YES;
				CLANG_WARN__DUPLICATE_METHOD_MATCH = YES;
				CODE_SIGN_IDENTITY = "iPhone Developer";
				COPY_PHASE_STRIP = NO;
				DEBUG_INFORMATION_FORMAT = dwarf;
				ENABLE_STRICT_OBJC_MSGSEND = YES;
				ENABLE_TESTABILITY = YES;
				GCC_C_LANGUAGE_STANDARD = gnu11;
				GCC_DYNAMIC_NO_PIC = NO;
				GCC_NO_COMMON_BLOCKS = YES;
				GCC_OPTIMIZATION_LEVEL = 0;
				GCC_PREPROCESSOR_DEFINITIONS = (
					"DEBUG=1",
					"$(inherited)",
				);
				GCC_WARN_64_TO_32_BIT_CONVERSION = YES;
				GCC_WARN_ABOUT_RETURN_TYPE = YES_ERROR;
				GCC_WARN_UNDECLARED_SELECTOR = YES;
				GCC_WARN_UNINITIALIZED_AUTOS = YES_AGGRESSIVE;
				GCC_WARN_UNUSED_FUNCTION = YES;
				GCC_WARN_UNUSED_VARIABLE = YES;
				IPHONEOS_DEPLOYMENT_TARGET = 11.2;
				MTL_ENABLE_DEBUG_INFO = YES;
				ONLY_ACTIVE_ARCH = YES;
				SDKROOT = iphoneos;
				SWIFT_ACTIVE_COMPILATION_CONDITIONS = DEBUG;
				SWIFT_OPTIMIZATION_LEVEL = "-Onone";
			};
			name = Debug;
		};
		F30B88102032D4060043A641 /* Release */ = {
			isa = XCBuildConfiguration;
			buildSettings = {
				ALWAYS_SEARCH_USER_PATHS = NO;
				CLANG_ANALYZER_NONNULL = YES;
				CLANG_ANALYZER_NUMBER_OBJECT_CONVERSION = YES_AGGRESSIVE;
				CLANG_CXX_LANGUAGE_STANDARD = "gnu++14";
				CLANG_CXX_LIBRARY = "libc++";
				CLANG_ENABLE_MODULES = YES;
				CLANG_ENABLE_OBJC_ARC = YES;
				CLANG_WARN_BLOCK_CAPTURE_AUTORELEASING = YES;
				CLANG_WARN_BOOL_CONVERSION = YES;
				CLANG_WARN_COMMA = YES;
				CLANG_WARN_CONSTANT_CONVERSION = YES;
				CLANG_WARN_DIRECT_OBJC_ISA_USAGE = YES_ERROR;
				CLANG_WARN_DOCUMENTATION_COMMENTS = YES;
				CLANG_WARN_EMPTY_BODY = YES;
				CLANG_WARN_ENUM_CONVERSION = YES;
				CLANG_WARN_INFINITE_RECURSION = YES;
				CLANG_WARN_INT_CONVERSION = YES;
				CLANG_WARN_NON_LITERAL_NULL_CONVERSION = YES;
				CLANG_WARN_OBJC_LITERAL_CONVERSION = YES;
				CLANG_WARN_OBJC_ROOT_CLASS = YES_ERROR;
				CLANG_WARN_RANGE_LOOP_ANALYSIS = YES;
				CLANG_WARN_STRICT_PROTOTYPES = YES;
				CLANG_WARN_SUSPICIOUS_MOVE = YES;
				CLANG_WARN_UNGUARDED_AVAILABILITY = YES_AGGRESSIVE;
				CLANG_WARN_UNREACHABLE_CODE = YES;
				CLANG_WARN__DUPLICATE_METHOD_MATCH = YES;
				CODE_SIGN_IDENTITY = "iPhone Developer";
				COPY_PHASE_STRIP = NO;
				DEBUG_INFORMATION_FORMAT = "dwarf-with-dsym";
				ENABLE_NS_ASSERTIONS = NO;
				ENABLE_STRICT_OBJC_MSGSEND = YES;
				GCC_C_LANGUAGE_STANDARD = gnu11;
				GCC_NO_COMMON_BLOCKS = YES;
				GCC_WARN_64_TO_32_BIT_CONVERSION = YES;
				GCC_WARN_ABOUT_RETURN_TYPE = YES_ERROR;
				GCC_WARN_UNDECLARED_SELECTOR = YES;
				GCC_WARN_UNINITIALIZED_AUTOS = YES_AGGRESSIVE;
				GCC_WARN_UNUSED_FUNCTION = YES;
				GCC_WARN_UNUSED_VARIABLE = YES;
				IPHONEOS_DEPLOYMENT_TARGET = 11.2;
				MTL_ENABLE_DEBUG_INFO = NO;
				SDKROOT = iphoneos;
				SWIFT_OPTIMIZATION_LEVEL = "-Owholemodule";
				VALIDATE_PRODUCT = YES;
			};
			name = Release;
		};
		F30B88122032D4060043A641 /* Debug */ = {
			isa = XCBuildConfiguration;
			baseConfigurationReference = 9273D9E5BEC2F71484AF6F29 /* Pods-cryptonews.debug.xcconfig */;
			buildSettings = {
				ASSETCATALOG_COMPILER_APPICON_NAME = AppIcon;
				CODE_SIGN_STYLE = Automatic;
				DEVELOPMENT_TEAM = UH9F5Z9972;
				INFOPLIST_FILE = cryptonews/Info.plist;
				LD_RUNPATH_SEARCH_PATHS = "$(inherited) @executable_path/Frameworks";
				PRODUCT_BUNDLE_IDENTIFIER = com.cryptoday.cryptoday;
				PRODUCT_NAME = "$(TARGET_NAME)";
				SWIFT_VERSION = 4.0;
				TARGETED_DEVICE_FAMILY = "1,2";
			};
			name = Debug;
		};
		F30B88132032D4060043A641 /* Release */ = {
			isa = XCBuildConfiguration;
			baseConfigurationReference = DE89A9FFBC4D2E0800FF6F99 /* Pods-cryptonews.release.xcconfig */;
			buildSettings = {
				ASSETCATALOG_COMPILER_APPICON_NAME = AppIcon;
				CODE_SIGN_STYLE = Automatic;
				DEVELOPMENT_TEAM = UH9F5Z9972;
				INFOPLIST_FILE = cryptonews/Info.plist;
				LD_RUNPATH_SEARCH_PATHS = "$(inherited) @executable_path/Frameworks";
				PRODUCT_BUNDLE_IDENTIFIER = com.cryptoday.cryptoday;
				PRODUCT_NAME = "$(TARGET_NAME)";
				SWIFT_VERSION = 4.0;
				TARGETED_DEVICE_FAMILY = "1,2";
			};
			name = Release;
		};
/* End XCBuildConfiguration section */

/* Begin XCConfigurationList section */
		F30B87FA2032D4060043A641 /* Build configuration list for PBXProject "cryptonews" */ = {
			isa = XCConfigurationList;
			buildConfigurations = (
				F30B880F2032D4060043A641 /* Debug */,
				F30B88102032D4060043A641 /* Release */,
			);
			defaultConfigurationIsVisible = 0;
			defaultConfigurationName = Release;
		};
		F30B88112032D4060043A641 /* Build configuration list for PBXNativeTarget "cryptonews" */ = {
			isa = XCConfigurationList;
			buildConfigurations = (
				F30B88122032D4060043A641 /* Debug */,
				F30B88132032D4060043A641 /* Release */,
			);
			defaultConfigurationIsVisible = 0;
			defaultConfigurationName = Release;
		};
/* End XCConfigurationList section */
	};
	rootObject = F30B87F72032D4060043A641 /* Project object */;
}
